// !$*UTF8*$!
{
	archiveVersion = 1;
	classes = {
	};
	objectVersion = 51;
	objects = {

/* Begin PBXBuildFile section */
		2F0F2A6A25B5BD4A00103879 /* CoviTraceApp.swift in Sources */ = {isa = PBXBuildFile; fileRef = 2F0F2A6925B5BD4A00103879 /* CoviTraceApp.swift */; };
		2F0F2A6C25B5BD4A00103879 /* ContentView.swift in Sources */ = {isa = PBXBuildFile; fileRef = 2F0F2A6B25B5BD4A00103879 /* ContentView.swift */; };
		2F0F2A6E25B5BD4A00103879 /* Assets.xcassets in Resources */ = {isa = PBXBuildFile; fileRef = 2F0F2A6D25B5BD4A00103879 /* Assets.xcassets */; };
		2F0F2A7125B5BD4A00103879 /* Preview Assets.xcassets in Resources */ = {isa = PBXBuildFile; fileRef = 2F0F2A7025B5BD4A00103879 /* Preview Assets.xcassets */; };
		2F0F2A7325B5BD4A00103879 /* Persistence.swift in Sources */ = {isa = PBXBuildFile; fileRef = 2F0F2A7225B5BD4A00103879 /* Persistence.swift */; };
		2F0F2A7625B5BD4A00103879 /* CoviTrace.xcdatamodeld in Sources */ = {isa = PBXBuildFile; fileRef = 2F0F2A7425B5BD4A00103879 /* CoviTrace.xcdatamodeld */; };
		2F31980725B5C2DE00AB182C /* DataFetchRequest.swift in Sources */ = {isa = PBXBuildFile; fileRef = 2F31980625B5C2DE00AB182C /* DataFetchRequest.swift */; };
		2F31980A25B5CC9700AB182C /* Model.swift in Sources */ = {isa = PBXBuildFile; fileRef = 2F31980925B5CC9700AB182C /* Model.swift */; };
		8B81A0D2509FAC589339655F /* Pods_CoviTrace.framework in Frameworks */ = {isa = PBXBuildFile; fileRef = 7F4F1166A0C45BBE1D33A6E4 /* Pods_CoviTrace.framework */; };
/* End PBXBuildFile section */

/* Begin PBXFileReference section */
		07CC48844BD0586FAFC80611 /* Pods-CoviTrace.release.xcconfig */ = {isa = PBXFileReference; includeInIndex = 1; lastKnownFileType = text.xcconfig; name = "Pods-CoviTrace.release.xcconfig"; path = "Target Support Files/Pods-CoviTrace/Pods-CoviTrace.release.xcconfig"; sourceTree = "<group>"; };
		2F0F2A6625B5BD4A00103879 /* CoviTrace.app */ = {isa = PBXFileReference; explicitFileType = wrapper.application; includeInIndex = 0; path = CoviTrace.app; sourceTree = BUILT_PRODUCTS_DIR; };
		2F0F2A6925B5BD4A00103879 /* CoviTraceApp.swift */ = {isa = PBXFileReference; lastKnownFileType = sourcecode.swift; path = CoviTraceApp.swift; sourceTree = "<group>"; };
		2F0F2A6B25B5BD4A00103879 /* ContentView.swift */ = {isa = PBXFileReference; lastKnownFileType = sourcecode.swift; path = ContentView.swift; sourceTree = "<group>"; };
		2F0F2A6D25B5BD4A00103879 /* Assets.xcassets */ = {isa = PBXFileReference; lastKnownFileType = folder.assetcatalog; path = Assets.xcassets; sourceTree = "<group>"; };
		2F0F2A7025B5BD4A00103879 /* Preview Assets.xcassets */ = {isa = PBXFileReference; lastKnownFileType = folder.assetcatalog; path = "Preview Assets.xcassets"; sourceTree = "<group>"; };
		2F0F2A7225B5BD4A00103879 /* Persistence.swift */ = {isa = PBXFileReference; lastKnownFileType = sourcecode.swift; path = Persistence.swift; sourceTree = "<group>"; };
		2F0F2A7525B5BD4A00103879 /* CoviTrace.xcdatamodel */ = {isa = PBXFileReference; lastKnownFileType = wrapper.xcdatamodel; path = CoviTrace.xcdatamodel; sourceTree = "<group>"; };
		2F0F2A7725B5BD4A00103879 /* Info.plist */ = {isa = PBXFileReference; lastKnownFileType = text.plist.xml; path = Info.plist; sourceTree = "<group>"; };
		2F31980625B5C2DE00AB182C /* DataFetchRequest.swift */ = {isa = PBXFileReference; lastKnownFileType = sourcecode.swift; path = DataFetchRequest.swift; sourceTree = "<group>"; };
		2F31980925B5CC9700AB182C /* Model.swift */ = {isa = PBXFileReference; lastKnownFileType = sourcecode.swift; path = Model.swift; sourceTree = "<group>"; };
		7F4F1166A0C45BBE1D33A6E4 /* Pods_CoviTrace.framework */ = {isa = PBXFileReference; explicitFileType = wrapper.framework; includeInIndex = 0; path = Pods_CoviTrace.framework; sourceTree = BUILT_PRODUCTS_DIR; };
		BA987EADCC41908FCE51E52C /* Pods-CoviTrace.debug.xcconfig */ = {isa = PBXFileReference; includeInIndex = 1; lastKnownFileType = text.xcconfig; name = "Pods-CoviTrace.debug.xcconfig"; path = "Target Support Files/Pods-CoviTrace/Pods-CoviTrace.debug.xcconfig"; sourceTree = "<group>"; };
/* End PBXFileReference section */

/* Begin PBXFrameworksBuildPhase section */
		2F0F2A6325B5BD4A00103879 /* Frameworks */ = {
			isa = PBXFrameworksBuildPhase;
			buildActionMask = 2147483647;
			files = (
				8B81A0D2509FAC589339655F /* Pods_CoviTrace.framework in Frameworks */,
			);
			runOnlyForDeploymentPostprocessing = 0;
		};
/* End PBXFrameworksBuildPhase section */

/* Begin PBXGroup section */
		2F0F2A5D25B5BD4A00103879 = {
			isa = PBXGroup;
			children = (
				2F0F2A6825B5BD4A00103879 /* CoviTrace */,
				2F0F2A6725B5BD4A00103879 /* Products */,
				CA48453B7A00799138DA0E39 /* Pods */,
				581A119D9820B52D116D5DFE /* Frameworks */,
			);
			sourceTree = "<group>";
		};
		2F0F2A6725B5BD4A00103879 /* Products */ = {
			isa = PBXGroup;
			children = (
				2F0F2A6625B5BD4A00103879 /* CoviTrace.app */,
			);
			name = Products;
			sourceTree = "<group>";
		};
		2F0F2A6825B5BD4A00103879 /* CoviTrace */ = {
			isa = PBXGroup;
			children = (
				2F0F2A6925B5BD4A00103879 /* CoviTraceApp.swift */,
				2F0F2A6B25B5BD4A00103879 /* ContentView.swift */,
				2F31980625B5C2DE00AB182C /* DataFetchRequest.swift */,
				2F31980925B5CC9700AB182C /* Model.swift */,
				2F0F2A6D25B5BD4A00103879 /* Assets.xcassets */,
				2F0F2A7225B5BD4A00103879 /* Persistence.swift */,
				2F0F2A7725B5BD4A00103879 /* Info.plist */,
				2F0F2A7425B5BD4A00103879 /* CoviTrace.xcdatamodeld */,
				2F0F2A6F25B5BD4A00103879 /* Preview Content */,
			);
			path = CoviTrace;
			sourceTree = "<group>";
		};
		2F0F2A6F25B5BD4A00103879 /* Preview Content */ = {
			isa = PBXGroup;
			children = (
				2F0F2A7025B5BD4A00103879 /* Preview Assets.xcassets */,
			);
			path = "Preview Content";
			sourceTree = "<group>";
		};
		581A119D9820B52D116D5DFE /* Frameworks */ = {
			isa = PBXGroup;
			children = (
				7F4F1166A0C45BBE1D33A6E4 /* Pods_CoviTrace.framework */,
			);
			name = Frameworks;
			sourceTree = "<group>";
		};
		CA48453B7A00799138DA0E39 /* Pods */ = {
			isa = PBXGroup;
			children = (
				BA987EADCC41908FCE51E52C /* Pods-CoviTrace.debug.xcconfig */,
				07CC48844BD0586FAFC80611 /* Pods-CoviTrace.release.xcconfig */,
			);
			path = Pods;
			sourceTree = "<group>";
		};
/* End PBXGroup section */

/* Begin PBXNativeTarget section */
		2F0F2A6525B5BD4A00103879 /* CoviTrace */ = {
			isa = PBXNativeTarget;
			buildConfigurationList = 2F0F2A7A25B5BD4A00103879 /* Build configuration list for PBXNativeTarget "CoviTrace" */;
			buildPhases = (
				0184ABA71685062596996660 /* [CP] Check Pods Manifest.lock */,
				2F0F2A6225B5BD4A00103879 /* Sources */,
				2F0F2A6325B5BD4A00103879 /* Frameworks */,
				2F0F2A6425B5BD4A00103879 /* Resources */,
				E2B1F51119FC85C850B81D9B /* [CP] Embed Pods Frameworks */,
			);
			buildRules = (
			);
			dependencies = (
			);
			name = CoviTrace;
			productName = CoviTrace;
			productReference = 2F0F2A6625B5BD4A00103879 /* CoviTrace.app */;
			productType = "com.apple.product-type.application";
		};
/* End PBXNativeTarget section */

/* Begin PBXProject section */
		2F0F2A5E25B5BD4A00103879 /* Project object */ = {
			isa = PBXProject;
			attributes = {
				LastSwiftUpdateCheck = 1230;
				LastUpgradeCheck = 1230;
				TargetAttributes = {
					2F0F2A6525B5BD4A00103879 = {
						CreatedOnToolsVersion = 12.3;
					};
				};
			};
			buildConfigurationList = 2F0F2A6125B5BD4A00103879 /* Build configuration list for PBXProject "CoviTrace" */;
			compatibilityVersion = "Xcode 9.3";
			developmentRegion = en;
			hasScannedForEncodings = 0;
			knownRegions = (
				en,
				Base,
			);
			mainGroup = 2F0F2A5D25B5BD4A00103879;
			productRefGroup = 2F0F2A6725B5BD4A00103879 /* Products */;
			projectDirPath = "";
			projectRoot = "";
			targets = (
				2F0F2A6525B5BD4A00103879 /* CoviTrace */,
			);
		};
/* End PBXProject section */

/* Begin PBXResourcesBuildPhase section */
		2F0F2A6425B5BD4A00103879 /* Resources */ = {
			isa = PBXResourcesBuildPhase;
			buildActionMask = 2147483647;
			files = (
				2F0F2A7125B5BD4A00103879 /* Preview Assets.xcassets in Resources */,
				2F0F2A6E25B5BD4A00103879 /* Assets.xcassets in Resources */,
			);
			runOnlyForDeploymentPostprocessing = 0;
		};
/* End PBXResourcesBuildPhase section */

/* Begin PBXShellScriptBuildPhase section */
		0184ABA71685062596996660 /* [CP] Check Pods Manifest.lock */ = {
			isa = PBXShellScriptBuildPhase;
			buildActionMask = 2147483647;
			files = (
			);
			inputFileListPaths = (
			);
			inputPaths = (
				"${PODS_PODFILE_DIR_PATH}/Podfile.lock",
				"${PODS_ROOT}/Manifest.lock",
			);
			name = "[CP] Check Pods Manifest.lock";
			outputFileListPaths = (
			);
			outputPaths = (
				"$(DERIVED_FILE_DIR)/Pods-CoviTrace-checkManifestLockResult.txt",
			);
			runOnlyForDeploymentPostprocessing = 0;
			shellPath = /bin/sh;
			shellScript = "diff \"${PODS_PODFILE_DIR_PATH}/Podfile.lock\" \"${PODS_ROOT}/Manifest.lock\" > /dev/null\nif [ $? != 0 ] ; then\n    # print error to STDERR\n    echo \"error: The sandbox is not in sync with the Podfile.lock. Run 'pod install' or update your CocoaPods installation.\" >&2\n    exit 1\nfi\n# This output is used by Xcode 'outputs' to avoid re-running this script phase.\necho \"SUCCESS\" > \"${SCRIPT_OUTPUT_FILE_0}\"\n";
			showEnvVarsInLog = 0;
		};
		E2B1F51119FC85C850B81D9B /* [CP] Embed Pods Frameworks */ = {
			isa = PBXShellScriptBuildPhase;
			buildActionMask = 2147483647;
			files = (
			);
			inputFileListPaths = (
				"${PODS_ROOT}/Target Support Files/Pods-CoviTrace/Pods-CoviTrace-frameworks-${CONFIGURATION}-input-files.xcfilelist",
			);
			name = "[CP] Embed Pods Frameworks";
			outputFileListPaths = (
				"${PODS_ROOT}/Target Support Files/Pods-CoviTrace/Pods-CoviTrace-frameworks-${CONFIGURATION}-output-files.xcfilelist",
			);
			runOnlyForDeploymentPostprocessing = 0;
			shellPath = /bin/sh;
			shellScript = "\"${PODS_ROOT}/Target Support Files/Pods-CoviTrace/Pods-CoviTrace-frameworks.sh\"\n";
			showEnvVarsInLog = 0;
		};
/* End PBXShellScriptBuildPhase section */

/* Begin PBXSourcesBuildPhase section */
		2F0F2A6225B5BD4A00103879 /* Sources */ = {
			isa = PBXSourcesBuildPhase;
			buildActionMask = 2147483647;
			files = (
				2F0F2A7325B5BD4A00103879 /* Persistence.swift in Sources */,
				2F0F2A6C25B5BD4A00103879 /* ContentView.swift in Sources */,
				2F0F2A7625B5BD4A00103879 /* CoviTrace.xcdatamodeld in Sources */,
				2F31980A25B5CC9700AB182C /* Model.swift in Sources */,
				2F31980725B5C2DE00AB182C /* DataFetchRequest.swift in Sources */,
				2F0F2A6A25B5BD4A00103879 /* CoviTraceApp.swift in Sources */,
			);
			runOnlyForDeploymentPostprocessing = 0;
		};
/* End PBXSourcesBuildPhase section */

/* Begin XCBuildConfiguration section */
		2F0F2A7825B5BD4A00103879 /* Debug */ = {
			isa = XCBuildConfiguration;
			buildSettings = {
				ALWAYS_SEARCH_USER_PATHS = NO;
				CLANG_ANALYZER_NONNULL = YES;
				CLANG_ANALYZER_NUMBER_OBJECT_CONVERSION = YES_AGGRESSIVE;
				CLANG_CXX_LANGUAGE_STANDARD = "gnu++14";
				CLANG_CXX_LIBRARY = "libc++";
				CLANG_ENABLE_MODULES = YES;
				CLANG_ENABLE_OBJC_ARC = YES;
				CLANG_ENABLE_OBJC_WEAK = YES;
				CLANG_WARN_BLOCK_CAPTURE_AUTORELEASING = YES;
				CLANG_WARN_BOOL_CONVERSION = YES;
				CLANG_WARN_COMMA = YES;
				CLANG_WARN_CONSTANT_CONVERSION = YES;
				CLANG_WARN_DEPRECATED_OBJC_IMPLEMENTATIONS = YES;
				CLANG_WARN_DIRECT_OBJC_ISA_USAGE = YES_ERROR;
				CLANG_WARN_DOCUMENTATION_COMMENTS = YES;
				CLANG_WARN_EMPTY_BODY = YES;
				CLANG_WARN_ENUM_CONVERSION = YES;
				CLANG_WARN_INFINITE_RECURSION = YES;
				CLANG_WARN_INT_CONVERSION = YES;
				CLANG_WARN_NON_LITERAL_NULL_CONVERSION = YES;
				CLANG_WARN_OBJC_IMPLICIT_RETAIN_SELF = YES;
				CLANG_WARN_OBJC_LITERAL_CONVERSION = YES;
				CLANG_WARN_OBJC_ROOT_CLASS = YES_ERROR;
				CLANG_WARN_QUOTED_INCLUDE_IN_FRAMEWORK_HEADER = YES;
				CLANG_WARN_RANGE_LOOP_ANALYSIS = YES;
				CLANG_WARN_STRICT_PROTOTYPES = YES;
				CLANG_WARN_SUSPICIOUS_MOVE = YES;
				CLANG_WARN_UNGUARDED_AVAILABILITY = YES_AGGRESSIVE;
				CLANG_WARN_UNREACHABLE_CODE = YES;
				CLANG_WARN__DUPLICATE_METHOD_MATCH = YES;
				COPY_PHASE_STRIP = NO;
				DEBUG_INFORMATION_FORMAT = dwarf;
				ENABLE_STRICT_OBJC_MSGSEND = YES;
				ENABLE_TESTABILITY = YES;
				GCC_C_LANGUAGE_STANDARD = gnu11;
				GCC_DYNAMIC_NO_PIC = NO;
				GCC_NO_COMMON_BLOCKS = YES;
				GCC_OPTIMIZATION_LEVEL = 0;
				GCC_PREPROCESSOR_DEFINITIONS = (
					"DEBUG=1",
					"$(inherited)",
				);
				GCC_WARN_64_TO_32_BIT_CONVERSION = YES;
				GCC_WARN_ABOUT_RETURN_TYPE = YES_ERROR;
				GCC_WARN_UNDECLARED_SELECTOR = YES;
				GCC_WARN_UNINITIALIZED_AUTOS = YES_AGGRESSIVE;
				GCC_WARN_UNUSED_FUNCTION = YES;
				GCC_WARN_UNUSED_VARIABLE = YES;
				IPHONEOS_DEPLOYMENT_TARGET = 14.3;
				MTL_ENABLE_DEBUG_INFO = INCLUDE_SOURCE;
				MTL_FAST_MATH = YES;
				ONLY_ACTIVE_ARCH = YES;
				SDKROOT = iphoneos;
				SWIFT_ACTIVE_COMPILATION_CONDITIONS = DEBUG;
				SWIFT_OPTIMIZATION_LEVEL = "-Onone";
			};
			name = Debug;
		};
		2F0F2A7925B5BD4A00103879 /* Release */ = {
			isa = XCBuildConfiguration;
			buildSettings = {
				ALWAYS_SEARCH_USER_PATHS = NO;
				CLANG_ANALYZER_NONNULL = YES;
				CLANG_ANALYZER_NUMBER_OBJECT_CONVERSION = YES_AGGRESSIVE;
				CLANG_CXX_LANGUAGE_STANDARD = "gnu++14";
				CLANG_CXX_LIBRARY = "libc++";
				CLANG_ENABLE_MODULES = YES;
				CLANG_ENABLE_OBJC_ARC = YES;
				CLANG_ENABLE_OBJC_WEAK = YES;
				CLANG_WARN_BLOCK_CAPTURE_AUTORELEASING = YES;
				CLANG_WARN_BOOL_CONVERSION = YES;
				CLANG_WARN_COMMA = YES;
				CLANG_WARN_CONSTANT_CONVERSION = YES;
				CLANG_WARN_DEPRECATED_OBJC_IMPLEMENTATIONS = YES;
				CLANG_WARN_DIRECT_OBJC_ISA_USAGE = YES_ERROR;
				CLANG_WARN_DOCUMENTATION_COMMENTS = YES;
				CLANG_WARN_EMPTY_BODY = YES;
				CLANG_WARN_ENUM_CONVERSION = YES;
				CLANG_WARN_INFINITE_RECURSION = YES;
				CLANG_WARN_INT_CONVERSION = YES;
				CLANG_WARN_NON_LITERAL_NULL_CONVERSION = YES;
				CLANG_WARN_OBJC_IMPLICIT_RETAIN_SELF = YES;
				CLANG_WARN_OBJC_LITERAL_CONVERSION = YES;
				CLANG_WARN_OBJC_ROOT_CLASS = YES_ERROR;
				CLANG_WARN_QUOTED_INCLUDE_IN_FRAMEWORK_HEADER = YES;
				CLANG_WARN_RANGE_LOOP_ANALYSIS = YES;
				CLANG_WARN_STRICT_PROTOTYPES = YES;
				CLANG_WARN_SUSPICIOUS_MOVE = YES;
				CLANG_WARN_UNGUARDED_AVAILABILITY = YES_AGGRESSIVE;
				CLANG_WARN_UNREACHABLE_CODE = YES;
				CLANG_WARN__DUPLICATE_METHOD_MATCH = YES;
				COPY_PHASE_STRIP = NO;
				DEBUG_INFORMATION_FORMAT = "dwarf-with-dsym";
				ENABLE_NS_ASSERTIONS = NO;
				ENABLE_STRICT_OBJC_MSGSEND = YES;
				GCC_C_LANGUAGE_STANDARD = gnu11;
				GCC_NO_COMMON_BLOCKS = YES;
				GCC_WARN_64_TO_32_BIT_CONVERSION = YES;
				GCC_WARN_ABOUT_RETURN_TYPE = YES_ERROR;
				GCC_WARN_UNDECLARED_SELECTOR = YES;
				GCC_WARN_UNINITIALIZED_AUTOS = YES_AGGRESSIVE;
				GCC_WARN_UNUSED_FUNCTION = YES;
				GCC_WARN_UNUSED_VARIABLE = YES;
				IPHONEOS_DEPLOYMENT_TARGET = 14.3;
				MTL_ENABLE_DEBUG_INFO = NO;
				MTL_FAST_MATH = YES;
				SDKROOT = iphoneos;
				SWIFT_COMPILATION_MODE = wholemodule;
				SWIFT_OPTIMIZATION_LEVEL = "-O";
				VALIDATE_PRODUCT = YES;
			};
			name = Release;
		};
		2F0F2A7B25B5BD4A00103879 /* Debug */ = {
			isa = XCBuildConfiguration;
			baseConfigurationReference = BA987EADCC41908FCE51E52C /* Pods-CoviTrace.debug.xcconfig */;
			buildSettings = {
				ASSETCATALOG_COMPILER_APPICON_NAME = AppIcon;
				ASSETCATALOG_COMPILER_GLOBAL_ACCENT_COLOR_NAME = AccentColor;
				CODE_SIGN_STYLE = Automatic;
				DEVELOPMENT_ASSET_PATHS = "\"CoviTrace/Preview Content\"";
				DEVELOPMENT_TEAM = QACLP69RHJ;
				ENABLE_PREVIEWS = YES;
				INFOPLIST_FILE = CoviTrace/Info.plist;
				IPHONEOS_DEPLOYMENT_TARGET = 14.0;
				LD_RUNPATH_SEARCH_PATHS = (
					"$(inherited)",
					"@executable_path/Frameworks",
				);
				PRODUCT_BUNDLE_IDENTIFIER = com.appelatte.CoviTrace.CoviTrace;
				PRODUCT_NAME = "$(TARGET_NAME)";
				SWIFT_VERSION = 5.0;
				TARGETED_DEVICE_FAMILY = "1,2";
			};
			name = Debug;
		};
		2F0F2A7C25B5BD4A00103879 /* Release */ = {
			isa = XCBuildConfiguration;
			baseConfigurationReference = 07CC48844BD0586FAFC80611 /* Pods-CoviTrace.release.xcconfig */;
			buildSettings = {
				ASSETCATALOG_COMPILER_APPICON_NAME = AppIcon;
				ASSETCATALOG_COMPILER_GLOBAL_ACCENT_COLOR_NAME = AccentColor;
				CODE_SIGN_STYLE = Automatic;
				DEVELOPMENT_ASSET_PATHS = "\"CoviTrace/Preview Content\"";
				DEVELOPMENT_TEAM = QACLP69RHJ;
				ENABLE_PREVIEWS = YES;
				INFOPLIST_FILE = CoviTrace/Info.plist;
				IPHONEOS_DEPLOYMENT_TARGET = 14.0;
				LD_RUNPATH_SEARCH_PATHS = (
					"$(inherited)",
					"@executable_path/Frameworks",
				);
				PRODUCT_BUNDLE_IDENTIFIER = com.appelatte.CoviTrace.CoviTrace;
				PRODUCT_NAME = "$(TARGET_NAME)";
				SWIFT_VERSION = 5.0;
				TARGETED_DEVICE_FAMILY = "1,2";
			};
			name = Release;
		};
/* End XCBuildConfiguration section */

/* Begin XCConfigurationList section */
		2F0F2A6125B5BD4A00103879 /* Build configuration list for PBXProject "CoviTrace" */ = {
			isa = XCConfigurationList;
			buildConfigurations = (
				2F0F2A7825B5BD4A00103879 /* Debug */,
				2F0F2A7925B5BD4A00103879 /* Release */,
			);
			defaultConfigurationIsVisible = 0;
			defaultConfigurationName = Release;
		};
		2F0F2A7A25B5BD4A00103879 /* Build configuration list for PBXNativeTarget "CoviTrace" */ = {
			isa = XCConfigurationList;
			buildConfigurations = (
				2F0F2A7B25B5BD4A00103879 /* Debug */,
				2F0F2A7C25B5BD4A00103879 /* Release */,
			);
			defaultConfigurationIsVisible = 0;
			defaultConfigurationName = Release;
		};
/* End XCConfigurationList section */

/* Begin XCVersionGroup section */
		2F0F2A7425B5BD4A00103879 /* CoviTrace.xcdatamodeld */ = {
			isa = XCVersionGroup;
			children = (
				2F0F2A7525B5BD4A00103879 /* CoviTrace.xcdatamodel */,
			);
			currentVersion = 2F0F2A7525B5BD4A00103879 /* CoviTrace.xcdatamodel */;
			path = CoviTrace.xcdatamodeld;
			sourceTree = "<group>";
			versionGroupType = wrapper.xcdatamodel;
		};
/* End XCVersionGroup section */
	};
	rootObject = 2F0F2A5E25B5BD4A00103879 /* Project object */;
}
