// !$*UTF8*$!
{
	archiveVersion = 1;
	classes = {
	};
	objectVersion = 52;
	objects = {

/* Begin PBXBuildFile section */
		18598835275937670061D47A /* GoogleService-Info.plist in Resources */ = {isa = PBXBuildFile; fileRef = 18598834275937670061D47A /* GoogleService-Info.plist */; };
		18598839275A365B0061D47A /* AsyncImage.swift in Sources */ = {isa = PBXBuildFile; fileRef = 18598838275A365B0061D47A /* AsyncImage.swift */; };
		2F0617B72762B62D00A4D687 /* UpdateProfileImageView.swift in Sources */ = {isa = PBXBuildFile; fileRef = 2F0617B62762B62D00A4D687 /* UpdateProfileImageView.swift */; };
		2F06A7522725197800B90464 /* ModalScannerView.swift in Sources */ = {isa = PBXBuildFile; fileRef = 2F06A7512725197800B90464 /* ModalScannerView.swift */; };
		2F0F2A6A25B5BD4A00103879 /* CoviTraceApp.swift in Sources */ = {isa = PBXBuildFile; fileRef = 2F0F2A6925B5BD4A00103879 /* CoviTraceApp.swift */; };
		2F0F2A6C25B5BD4A00103879 /* ContentView.swift in Sources */ = {isa = PBXBuildFile; fileRef = 2F0F2A6B25B5BD4A00103879 /* ContentView.swift */; };
		2F0F2A6E25B5BD4A00103879 /* Assets.xcassets in Resources */ = {isa = PBXBuildFile; fileRef = 2F0F2A6D25B5BD4A00103879 /* Assets.xcassets */; };
		2F0F2A7125B5BD4A00103879 /* Preview Assets.xcassets in Resources */ = {isa = PBXBuildFile; fileRef = 2F0F2A7025B5BD4A00103879 /* Preview Assets.xcassets */; };
		2F0F2A7325B5BD4A00103879 /* Persistence.swift in Sources */ = {isa = PBXBuildFile; fileRef = 2F0F2A7225B5BD4A00103879 /* Persistence.swift */; };
		2F0F2A7625B5BD4A00103879 /* CoviTrace.xcdatamodeld in Sources */ = {isa = PBXBuildFile; fileRef = 2F0F2A7425B5BD4A00103879 /* CoviTrace.xcdatamodeld */; };
		2F0FBA90276BD0CB008FCF7A /* CarBode in Frameworks */ = {isa = PBXBuildFile; productRef = 2F0FBA8F276BD0CB008FCF7A /* CarBode */; };
		2F0FBA92276C01DE008FCF7A /* CustomButtons.swift in Sources */ = {isa = PBXBuildFile; fileRef = 2F0FBA91276C01DE008FCF7A /* CustomButtons.swift */; };
		2F1217E125D5B88B00D62B18 /* BackgroundColors.swift in Sources */ = {isa = PBXBuildFile; fileRef = 2F1217E025D5B88B00D62B18 /* BackgroundColors.swift */; };
		2F23F91227275B9D00B0F11F /* FaceIdLoginView.swift in Sources */ = {isa = PBXBuildFile; fileRef = 2F23F91127275B9D00B0F11F /* FaceIdLoginView.swift */; };
		2F23F9142727606500B0F11F /* AppLockViewModel.swift in Sources */ = {isa = PBXBuildFile; fileRef = 2F23F9132727606500B0F11F /* AppLockViewModel.swift */; };
		2F2500D7272352BC00794187 /* ShowTestCertView.swift in Sources */ = {isa = PBXBuildFile; fileRef = 2F2500D6272352BC00794187 /* ShowTestCertView.swift */; };
		2F2812F827667FA10048EC52 /* CustomHeaderShape.swift in Sources */ = {isa = PBXBuildFile; fileRef = 2F2812F727667FA10048EC52 /* CustomHeaderShape.swift */; };
		2F2812FA2766CA9F0048EC52 /* VerificationDocView.swift in Sources */ = {isa = PBXBuildFile; fileRef = 2F2812F92766CA9F0048EC52 /* VerificationDocView.swift */; };
		2F284363278BA6D8003B9B75 /* StringExtension.swift in Sources */ = {isa = PBXBuildFile; fileRef = 2F284362278BA6D8003B9B75 /* StringExtension.swift */; };
		2F284365278BA6E9003B9B75 /* Source in Resources */ = {isa = PBXBuildFile; fileRef = 2F284364278BA6E9003B9B75 /* Source */; };
		2F2B361925FA676E004140D4 /* TestResultView.swift in Sources */ = {isa = PBXBuildFile; fileRef = 2F2B361825FA676E004140D4 /* TestResultView.swift */; };
		2F2BA38A275484BD00A98A84 /* SecondDoseVaccViewModel.swift in Sources */ = {isa = PBXBuildFile; fileRef = 2F2BA389275484BD00A98A84 /* SecondDoseVaccViewModel.swift */; };
		2F2C84A925FA9C290002F2C3 /* DigitalCertView.swift in Sources */ = {isa = PBXBuildFile; fileRef = 2F2C84A825FA9C290002F2C3 /* DigitalCertView.swift */; };
		2F31980A25B5CC9700AB182C /* Model.swift in Sources */ = {isa = PBXBuildFile; fileRef = 2F31980925B5CC9700AB182C /* Model.swift */; };
		2F3307EB25D1AAC1009CD715 /* LoginView.swift in Sources */ = {isa = PBXBuildFile; fileRef = 2F3307EA25D1AAC1009CD715 /* LoginView.swift */; };
		2F3680BC26F0E5710002F8A0 /* UploadInformationView.swift in Sources */ = {isa = PBXBuildFile; fileRef = 2F3680BB26F0E5710002F8A0 /* UploadInformationView.swift */; };
		2F3680BE26F0EE320002F8A0 /* AddSingleDoseView.swift in Sources */ = {isa = PBXBuildFile; fileRef = 2F3680BD26F0EE320002F8A0 /* AddSingleDoseView.swift */; };
		2F3680C026F0FCC90002F8A0 /* AddFirstDoseView.swift in Sources */ = {isa = PBXBuildFile; fileRef = 2F3680BF26F0FCC90002F8A0 /* AddFirstDoseView.swift */; };
		2F3680C226F0FE840002F8A0 /* AddSecondDoseView.swift in Sources */ = {isa = PBXBuildFile; fileRef = 2F3680C126F0FE840002F8A0 /* AddSecondDoseView.swift */; };
		2F3D8B24263B2CA7005D91D6 /* User.swift in Sources */ = {isa = PBXBuildFile; fileRef = 2F3D8B23263B2CA7005D91D6 /* User.swift */; };
		2F40129426738E2B00AFA9E5 /* SettingsView.swift in Sources */ = {isa = PBXBuildFile; fileRef = 2F40129326738E2B00AFA9E5 /* SettingsView.swift */; };
		2F4012962673A68C00AFA9E5 /* PrivacyPolicyView.swift in Sources */ = {isa = PBXBuildFile; fileRef = 2F4012952673A68C00AFA9E5 /* PrivacyPolicyView.swift */; };
		2F4012982673B93800AFA9E5 /* TermsCondView.swift in Sources */ = {isa = PBXBuildFile; fileRef = 2F4012972673B93800AFA9E5 /* TermsCondView.swift */; };
		2F451F06272091FB001BB7A4 /* BoosterShotViewModel.swift in Sources */ = {isa = PBXBuildFile; fileRef = 2F451F05272091FB001BB7A4 /* BoosterShotViewModel.swift */; };
		2F491F7D2786338000B8A29C /* CountryPicker in Frameworks */ = {isa = PBXBuildFile; productRef = 2F491F7C2786338000B8A29C /* CountryPicker */; };
		2F495B16276192FE006EF22E /* VaccinationCardView.swift in Sources */ = {isa = PBXBuildFile; fileRef = 2F495B15276192FE006EF22E /* VaccinationCardView.swift */; };
		2F4E5E9025ED92CE000B965D /* AddResultsView.swift in Sources */ = {isa = PBXBuildFile; fileRef = 2F4E5E8F25ED92CE000B965D /* AddResultsView.swift */; };
		2F4F573D2655241600EFB454 /* AboutView.swift in Sources */ = {isa = PBXBuildFile; fileRef = 2F4F573C2655241600EFB454 /* AboutView.swift */; };
		2F4F5743265524FA00EFB454 /* FaqsView.swift in Sources */ = {isa = PBXBuildFile; fileRef = 2F4F5742265524FA00EFB454 /* FaqsView.swift */; };
		2F524193263B38CB0016D87D /* Constants.swift in Sources */ = {isa = PBXBuildFile; fileRef = 2F524192263B38CB0016D87D /* Constants.swift */; };
		2F5956E125D1B635004D1F53 /* AuthViewModel.swift in Sources */ = {isa = PBXBuildFile; fileRef = 2F5956E025D1B635004D1F53 /* AuthViewModel.swift */; };
		2F5FB50A2748668E006A7F46 /* FormUploadHalfModalView.swift in Sources */ = {isa = PBXBuildFile; fileRef = 2F5FB5092748668E006A7F46 /* FormUploadHalfModalView.swift */; };
		2F5FB50B274869C3006A7F46 /* Pods_CoviTrace.framework in Frameworks */ = {isa = PBXBuildFile; fileRef = 7F4F1166A0C45BBE1D33A6E4 /* Pods_CoviTrace.framework */; };
		2F6150F125D1A471003AAB52 /* CustomTextField.swift in Sources */ = {isa = PBXBuildFile; fileRef = 2F6150F025D1A471003AAB52 /* CustomTextField.swift */; };
		2F6150F425D1A495003AAB52 /* CustomSecureTextField.swift in Sources */ = {isa = PBXBuildFile; fileRef = 2F6150F325D1A495003AAB52 /* CustomSecureTextField.swift */; };
		2F6150F725D1A4D5003AAB52 /* SignUpView.swift in Sources */ = {isa = PBXBuildFile; fileRef = 2F6150F625D1A4D5003AAB52 /* SignUpView.swift */; };
		2F6150FA25D1A4FA003AAB52 /* LandingView.swift in Sources */ = {isa = PBXBuildFile; fileRef = 2F6150F925D1A4FA003AAB52 /* LandingView.swift */; };
		2F682B9825DEC14F00873C15 /* LocationFetch.swift in Sources */ = {isa = PBXBuildFile; fileRef = 2F682B9725DEC14F00873C15 /* LocationFetch.swift */; };
		2F682B9F25DEDA1F00873C15 /* LocationManager.swift in Sources */ = {isa = PBXBuildFile; fileRef = 2F682B9E25DEDA1F00873C15 /* LocationManager.swift */; };
		2F6F10C9276407EF00C686D1 /* UpdateIdNumView.swift in Sources */ = {isa = PBXBuildFile; fileRef = 2F6F10C8276407EF00C686D1 /* UpdateIdNumView.swift */; };
		2F6F10CB2764094F00C686D1 /* UpdateDobView.swift in Sources */ = {isa = PBXBuildFile; fileRef = 2F6F10CA2764094F00C686D1 /* UpdateDobView.swift */; };
		2F70A4C3276338A500928BE0 /* UserProfileView.swift in Sources */ = {isa = PBXBuildFile; fileRef = 2F70A4C2276338A500928BE0 /* UserProfileView.swift */; };
		2F75F4AF26FCECCB008BB653 /* KeyboardHeightHelper.swift in Sources */ = {isa = PBXBuildFile; fileRef = 2F75F4AE26FCECCB008BB653 /* KeyboardHeightHelper.swift */; };
		2F7FC1662741F4DD00C3D9B7 /* DigitalCertUploadView.swift in Sources */ = {isa = PBXBuildFile; fileRef = 2F7FC1652741F4DD00C3D9B7 /* DigitalCertUploadView.swift */; };
		2F8043B62620A0F4004949B2 /* ImagePicker.swift in Sources */ = {isa = PBXBuildFile; fileRef = 2F8043B52620A0F4004949B2 /* ImagePicker.swift */; };
		2F80848225D6E847000A50B6 /* CheckInView.swift in Sources */ = {isa = PBXBuildFile; fileRef = 2F80848125D6E847000A50B6 /* CheckInView.swift */; };
		2F80848925D75775000A50B6 /* SimpleTextField.swift in Sources */ = {isa = PBXBuildFile; fileRef = 2F80848825D75775000A50B6 /* SimpleTextField.swift */; };
		2F81DCFC26726E7900897201 /* VaccCardView.swift in Sources */ = {isa = PBXBuildFile; fileRef = 2F81DCFB26726E7900897201 /* VaccCardView.swift */; };
		2F84D223273DA1F6007C2EF0 /* AppDelegate.swift in Sources */ = {isa = PBXBuildFile; fileRef = 2F84D222273DA1F6007C2EF0 /* AppDelegate.swift */; };
		2F8FFE59276C70B40052A890 /* HeaderTop.swift in Sources */ = {isa = PBXBuildFile; fileRef = 2F8FFE58276C70B40052A890 /* HeaderTop.swift */; };
		2F96097F260E21A700D0090B /* ResultsViewModel.swift in Sources */ = {isa = PBXBuildFile; fileRef = 2F96097E260E21A700D0090B /* ResultsViewModel.swift */; };
		2F96A3502732AB8D00719DF7 /* MainView.swift in Sources */ = {isa = PBXBuildFile; fileRef = 2F96A34F2732AB8D00719DF7 /* MainView.swift */; };
		2FC83DE72786266C00D2200B /* CountryPickerView.swift in Sources */ = {isa = PBXBuildFile; fileRef = 2FC83DE62786266B00D2200B /* CountryPickerView.swift */; };
		2FC83DE9278626D300D2200B /* PhoneOTPView.swift in Sources */ = {isa = PBXBuildFile; fileRef = 2FC83DE8278626D300D2200B /* PhoneOTPView.swift */; };
		2FC83DEB27862ABE00D2200B /* UpdateEmailView.swift in Sources */ = {isa = PBXBuildFile; fileRef = 2FC83DEA27862ABE00D2200B /* UpdateEmailView.swift */; };
		2FD6C4DD273DCE2E00A0D7B1 /* AccountSettingsView.swift in Sources */ = {isa = PBXBuildFile; fileRef = 2FD6C4DC273DCE2E00A0D7B1 /* AccountSettingsView.swift */; };
		2FD6C4DF273DEF8700A0D7B1 /* ImageUploader.swift in Sources */ = {isa = PBXBuildFile; fileRef = 2FD6C4DE273DEF8700A0D7B1 /* ImageUploader.swift */; };
		2FD6C4E1273DF2A400A0D7B1 /* SceneDelegate.swift in Sources */ = {isa = PBXBuildFile; fileRef = 2FD6C4E0273DF2A400A0D7B1 /* SceneDelegate.swift */; };
		2FD6C4E4273DFDF200A0D7B1 /* VaccCardUploadView.swift in Sources */ = {isa = PBXBuildFile; fileRef = 2FD6C4E3273DFDF100A0D7B1 /* VaccCardUploadView.swift */; };
		2FE77EC5271E4CDA0060B2A8 /* AddBoosterShotView.swift in Sources */ = {isa = PBXBuildFile; fileRef = 2FE77EC4271E4CDA0060B2A8 /* AddBoosterShotView.swift */; };
		2FE7C2CB2747521F00A8F32A /* ScannerHalfModalView.swift in Sources */ = {isa = PBXBuildFile; fileRef = 2FE7C2CA2747521F00A8F32A /* ScannerHalfModalView.swift */; };
		2FF650A62728C04100C697E4 /* BoosterVaccView.swift in Sources */ = {isa = PBXBuildFile; fileRef = 2FF650A52728C04100C697E4 /* BoosterVaccView.swift */; };
		2FF650A82728C35B00C697E4 /* FirstDoseVaccView.swift in Sources */ = {isa = PBXBuildFile; fileRef = 2FF650A72728C35B00C697E4 /* FirstDoseVaccView.swift */; };
		2FF650AA2728C4EB00C697E4 /* SecondDoseVaccView.swift in Sources */ = {isa = PBXBuildFile; fileRef = 2FF650A92728C4EB00C697E4 /* SecondDoseVaccView.swift */; };
		2FF650AD2728C6A500C697E4 /* SingleDoseVaccView.swift in Sources */ = {isa = PBXBuildFile; fileRef = 2FF650AC2728C6A500C697E4 /* SingleDoseVaccView.swift */; };
		2FF650AF2728C8DC00C697E4 /* SingleDoseViewModel.swift in Sources */ = {isa = PBXBuildFile; fileRef = 2FF650AE2728C8DC00C697E4 /* SingleDoseViewModel.swift */; };
		2FF6BF0B263CA02D00349F00 /* FirstDoseVaccViewModel.swift in Sources */ = {isa = PBXBuildFile; fileRef = 2FF6BF0A263CA02D00349F00 /* FirstDoseVaccViewModel.swift */; };
		2FFA964B2725E63A001254AF /* VaccPassView.swift in Sources */ = {isa = PBXBuildFile; fileRef = 2FFA964A2725E63A001254AF /* VaccPassView.swift */; };
		2FFB3FCB273C90C30005431F /* QrScanViewModel.swift in Sources */ = {isa = PBXBuildFile; fileRef = 2FFB3FCA273C90C30005431F /* QrScanViewModel.swift */; };
		2FFB3FCF273C9D570005431F /* CameraPreview.swift in Sources */ = {isa = PBXBuildFile; fileRef = 2FFB3FCE273C9D570005431F /* CameraPreview.swift */; };
/* End PBXBuildFile section */

/* Begin PBXFileReference section */
		07CC48844BD0586FAFC80611 /* Pods-CoviTrace.release.xcconfig */ = {isa = PBXFileReference; includeInIndex = 1; lastKnownFileType = text.xcconfig; name = "Pods-CoviTrace.release.xcconfig"; path = "Target Support Files/Pods-CoviTrace/Pods-CoviTrace.release.xcconfig"; sourceTree = "<group>"; };
		18598834275937670061D47A /* GoogleService-Info.plist */ = {isa = PBXFileReference; fileEncoding = 4; lastKnownFileType = text.plist.xml; path = "GoogleService-Info.plist"; sourceTree = "<group>"; };
		18598838275A365B0061D47A /* AsyncImage.swift */ = {isa = PBXFileReference; lastKnownFileType = sourcecode.swift; path = AsyncImage.swift; sourceTree = "<group>"; };
		1859883A275AA22B0061D47A /* CoviTraceDebug.entitlements */ = {isa = PBXFileReference; lastKnownFileType = text.plist.entitlements; path = CoviTraceDebug.entitlements; sourceTree = "<group>"; };
		2F0617B62762B62D00A4D687 /* UpdateProfileImageView.swift */ = {isa = PBXFileReference; lastKnownFileType = sourcecode.swift; name = UpdateProfileImageView.swift; path = "../New Group/UpdateProfileImageView.swift"; sourceTree = "<group>"; };
		2F06A7512725197800B90464 /* ModalScannerView.swift */ = {isa = PBXFileReference; lastKnownFileType = sourcecode.swift; path = ModalScannerView.swift; sourceTree = "<group>"; };
		2F0F2A6625B5BD4A00103879 /* CoviTrace.app */ = {isa = PBXFileReference; explicitFileType = wrapper.application; includeInIndex = 0; path = CoviTrace.app; sourceTree = BUILT_PRODUCTS_DIR; };
		2F0F2A6925B5BD4A00103879 /* CoviTraceApp.swift */ = {isa = PBXFileReference; lastKnownFileType = sourcecode.swift; path = CoviTraceApp.swift; sourceTree = "<group>"; };
		2F0F2A6B25B5BD4A00103879 /* ContentView.swift */ = {isa = PBXFileReference; lastKnownFileType = sourcecode.swift; path = ContentView.swift; sourceTree = "<group>"; };
		2F0F2A6D25B5BD4A00103879 /* Assets.xcassets */ = {isa = PBXFileReference; lastKnownFileType = folder.assetcatalog; path = Assets.xcassets; sourceTree = "<group>"; };
		2F0F2A7025B5BD4A00103879 /* Preview Assets.xcassets */ = {isa = PBXFileReference; lastKnownFileType = folder.assetcatalog; path = "Preview Assets.xcassets"; sourceTree = "<group>"; };
		2F0F2A7225B5BD4A00103879 /* Persistence.swift */ = {isa = PBXFileReference; lastKnownFileType = sourcecode.swift; path = Persistence.swift; sourceTree = "<group>"; };
		2F0F2A7525B5BD4A00103879 /* CoviTrace.xcdatamodel */ = {isa = PBXFileReference; lastKnownFileType = wrapper.xcdatamodel; path = CoviTrace.xcdatamodel; sourceTree = "<group>"; };
		2F0F2A7725B5BD4A00103879 /* Info.plist */ = {isa = PBXFileReference; lastKnownFileType = text.plist.xml; path = Info.plist; sourceTree = "<group>"; };
		2F0FBA91276C01DE008FCF7A /* CustomButtons.swift */ = {isa = PBXFileReference; lastKnownFileType = sourcecode.swift; path = CustomButtons.swift; sourceTree = "<group>"; };
		2F1217E025D5B88B00D62B18 /* BackgroundColors.swift */ = {isa = PBXFileReference; lastKnownFileType = sourcecode.swift; path = BackgroundColors.swift; sourceTree = "<group>"; };
		2F23F91127275B9D00B0F11F /* FaceIdLoginView.swift */ = {isa = PBXFileReference; lastKnownFileType = sourcecode.swift; path = FaceIdLoginView.swift; sourceTree = "<group>"; };
		2F23F9132727606500B0F11F /* AppLockViewModel.swift */ = {isa = PBXFileReference; lastKnownFileType = sourcecode.swift; path = AppLockViewModel.swift; sourceTree = "<group>"; };
		2F2500D6272352BC00794187 /* ShowTestCertView.swift */ = {isa = PBXFileReference; lastKnownFileType = sourcecode.swift; path = ShowTestCertView.swift; sourceTree = "<group>"; };
		2F2812F727667FA10048EC52 /* CustomHeaderShape.swift */ = {isa = PBXFileReference; lastKnownFileType = sourcecode.swift; path = CustomHeaderShape.swift; sourceTree = "<group>"; };
		2F2812F92766CA9F0048EC52 /* VerificationDocView.swift */ = {isa = PBXFileReference; lastKnownFileType = sourcecode.swift; path = VerificationDocView.swift; sourceTree = "<group>"; };
		2F284362278BA6D8003B9B75 /* StringExtension.swift */ = {isa = PBXFileReference; fileEncoding = 4; lastKnownFileType = sourcecode.swift; path = StringExtension.swift; sourceTree = "<group>"; };
		2F284364278BA6E9003B9B75 /* Source */ = {isa = PBXFileReference; lastKnownFileType = folder; path = Source; sourceTree = "<group>"; };
		2F2B361825FA676E004140D4 /* TestResultView.swift */ = {isa = PBXFileReference; lastKnownFileType = sourcecode.swift; path = TestResultView.swift; sourceTree = "<group>"; };
		2F2BA389275484BD00A98A84 /* SecondDoseVaccViewModel.swift */ = {isa = PBXFileReference; lastKnownFileType = sourcecode.swift; path = SecondDoseVaccViewModel.swift; sourceTree = "<group>"; };
		2F2C84A825FA9C290002F2C3 /* DigitalCertView.swift */ = {isa = PBXFileReference; lastKnownFileType = sourcecode.swift; path = DigitalCertView.swift; sourceTree = "<group>"; };
		2F31980925B5CC9700AB182C /* Model.swift */ = {isa = PBXFileReference; lastKnownFileType = sourcecode.swift; path = Model.swift; sourceTree = "<group>"; };
		2F3307EA25D1AAC1009CD715 /* LoginView.swift */ = {isa = PBXFileReference; lastKnownFileType = sourcecode.swift; path = LoginView.swift; sourceTree = "<group>"; };
		2F3680BB26F0E5710002F8A0 /* UploadInformationView.swift */ = {isa = PBXFileReference; lastKnownFileType = sourcecode.swift; name = UploadInformationView.swift; path = "../New Group1/UploadInformationView.swift"; sourceTree = "<group>"; };
		2F3680BD26F0EE320002F8A0 /* AddSingleDoseView.swift */ = {isa = PBXFileReference; lastKnownFileType = sourcecode.swift; path = AddSingleDoseView.swift; sourceTree = "<group>"; };
		2F3680BF26F0FCC90002F8A0 /* AddFirstDoseView.swift */ = {isa = PBXFileReference; lastKnownFileType = sourcecode.swift; path = AddFirstDoseView.swift; sourceTree = "<group>"; };
		2F3680C126F0FE840002F8A0 /* AddSecondDoseView.swift */ = {isa = PBXFileReference; lastKnownFileType = sourcecode.swift; path = AddSecondDoseView.swift; sourceTree = "<group>"; };
		2F3D8B23263B2CA7005D91D6 /* User.swift */ = {isa = PBXFileReference; lastKnownFileType = sourcecode.swift; path = User.swift; sourceTree = "<group>"; };
		2F40129326738E2B00AFA9E5 /* SettingsView.swift */ = {isa = PBXFileReference; lastKnownFileType = sourcecode.swift; path = SettingsView.swift; sourceTree = "<group>"; };
		2F4012952673A68C00AFA9E5 /* PrivacyPolicyView.swift */ = {isa = PBXFileReference; lastKnownFileType = sourcecode.swift; path = PrivacyPolicyView.swift; sourceTree = "<group>"; };
		2F4012972673B93800AFA9E5 /* TermsCondView.swift */ = {isa = PBXFileReference; lastKnownFileType = sourcecode.swift; path = TermsCondView.swift; sourceTree = "<group>"; };
		2F451F05272091FB001BB7A4 /* BoosterShotViewModel.swift */ = {isa = PBXFileReference; lastKnownFileType = sourcecode.swift; path = BoosterShotViewModel.swift; sourceTree = "<group>"; };
		2F495B15276192FE006EF22E /* VaccinationCardView.swift */ = {isa = PBXFileReference; lastKnownFileType = sourcecode.swift; path = VaccinationCardView.swift; sourceTree = "<group>"; };
		2F4E5E8F25ED92CE000B965D /* AddResultsView.swift */ = {isa = PBXFileReference; fileEncoding = 4; lastKnownFileType = sourcecode.swift; name = AddResultsView.swift; path = "../New Group/AddResultsView.swift"; sourceTree = "<group>"; };
		2F4F573C2655241600EFB454 /* AboutView.swift */ = {isa = PBXFileReference; lastKnownFileType = sourcecode.swift; path = AboutView.swift; sourceTree = "<group>"; };
		2F4F5742265524FA00EFB454 /* FaqsView.swift */ = {isa = PBXFileReference; lastKnownFileType = sourcecode.swift; path = FaqsView.swift; sourceTree = "<group>"; };
		2F524192263B38CB0016D87D /* Constants.swift */ = {isa = PBXFileReference; lastKnownFileType = sourcecode.swift; path = Constants.swift; sourceTree = "<group>"; };
		2F5956E025D1B635004D1F53 /* AuthViewModel.swift */ = {isa = PBXFileReference; lastKnownFileType = sourcecode.swift; path = AuthViewModel.swift; sourceTree = "<group>"; };
		2F5FB5092748668E006A7F46 /* FormUploadHalfModalView.swift */ = {isa = PBXFileReference; lastKnownFileType = sourcecode.swift; path = FormUploadHalfModalView.swift; sourceTree = "<group>"; };
		2F6150F025D1A471003AAB52 /* CustomTextField.swift */ = {isa = PBXFileReference; lastKnownFileType = sourcecode.swift; path = CustomTextField.swift; sourceTree = "<group>"; };
		2F6150F325D1A495003AAB52 /* CustomSecureTextField.swift */ = {isa = PBXFileReference; lastKnownFileType = sourcecode.swift; path = CustomSecureTextField.swift; sourceTree = "<group>"; };
		2F6150F625D1A4D5003AAB52 /* SignUpView.swift */ = {isa = PBXFileReference; lastKnownFileType = sourcecode.swift; path = SignUpView.swift; sourceTree = "<group>"; };
		2F6150F925D1A4FA003AAB52 /* LandingView.swift */ = {isa = PBXFileReference; lastKnownFileType = sourcecode.swift; path = LandingView.swift; sourceTree = "<group>"; };
		2F682B9725DEC14F00873C15 /* LocationFetch.swift */ = {isa = PBXFileReference; lastKnownFileType = sourcecode.swift; path = LocationFetch.swift; sourceTree = "<group>"; };
		2F682B9E25DEDA1F00873C15 /* LocationManager.swift */ = {isa = PBXFileReference; fileEncoding = 4; lastKnownFileType = sourcecode.swift; path = LocationManager.swift; sourceTree = "<group>"; };
		2F6F10C8276407EF00C686D1 /* UpdateIdNumView.swift */ = {isa = PBXFileReference; lastKnownFileType = sourcecode.swift; path = UpdateIdNumView.swift; sourceTree = "<group>"; };
		2F6F10CA2764094F00C686D1 /* UpdateDobView.swift */ = {isa = PBXFileReference; lastKnownFileType = sourcecode.swift; path = UpdateDobView.swift; sourceTree = "<group>"; };
		2F70A4C2276338A500928BE0 /* UserProfileView.swift */ = {isa = PBXFileReference; lastKnownFileType = sourcecode.swift; path = UserProfileView.swift; sourceTree = "<group>"; };
		2F75F4AE26FCECCB008BB653 /* KeyboardHeightHelper.swift */ = {isa = PBXFileReference; lastKnownFileType = sourcecode.swift; path = KeyboardHeightHelper.swift; sourceTree = "<group>"; };
		2F7FC1652741F4DD00C3D9B7 /* DigitalCertUploadView.swift */ = {isa = PBXFileReference; lastKnownFileType = sourcecode.swift; path = DigitalCertUploadView.swift; sourceTree = "<group>"; };
		2F8043B52620A0F4004949B2 /* ImagePicker.swift */ = {isa = PBXFileReference; lastKnownFileType = sourcecode.swift; path = ImagePicker.swift; sourceTree = "<group>"; };
		2F80848125D6E847000A50B6 /* CheckInView.swift */ = {isa = PBXFileReference; lastKnownFileType = sourcecode.swift; path = CheckInView.swift; sourceTree = "<group>"; };
		2F80848825D75775000A50B6 /* SimpleTextField.swift */ = {isa = PBXFileReference; lastKnownFileType = sourcecode.swift; path = SimpleTextField.swift; sourceTree = "<group>"; };
		2F80848C25D763FA000A50B6 /* CoviTrace.entitlements */ = {isa = PBXFileReference; lastKnownFileType = text.plist.entitlements; path = CoviTrace.entitlements; sourceTree = "<group>"; };
		2F81DCFB26726E7900897201 /* VaccCardView.swift */ = {isa = PBXFileReference; lastKnownFileType = sourcecode.swift; path = VaccCardView.swift; sourceTree = "<group>"; };
		2F84D222273DA1F6007C2EF0 /* AppDelegate.swift */ = {isa = PBXFileReference; lastKnownFileType = sourcecode.swift; path = AppDelegate.swift; sourceTree = "<group>"; };
		2F8FFE58276C70B40052A890 /* HeaderTop.swift */ = {isa = PBXFileReference; lastKnownFileType = sourcecode.swift; path = HeaderTop.swift; sourceTree = "<group>"; };
		2F96097E260E21A700D0090B /* ResultsViewModel.swift */ = {isa = PBXFileReference; lastKnownFileType = sourcecode.swift; path = ResultsViewModel.swift; sourceTree = "<group>"; };
		2F96A34F2732AB8D00719DF7 /* MainView.swift */ = {isa = PBXFileReference; lastKnownFileType = sourcecode.swift; path = MainView.swift; sourceTree = "<group>"; };
		2FC83DE62786266B00D2200B /* CountryPickerView.swift */ = {isa = PBXFileReference; lastKnownFileType = sourcecode.swift; path = CountryPickerView.swift; sourceTree = "<group>"; };
		2FC83DE8278626D300D2200B /* PhoneOTPView.swift */ = {isa = PBXFileReference; lastKnownFileType = sourcecode.swift; path = PhoneOTPView.swift; sourceTree = "<group>"; };
		2FC83DEA27862ABE00D2200B /* UpdateEmailView.swift */ = {isa = PBXFileReference; fileEncoding = 4; lastKnownFileType = sourcecode.swift; path = UpdateEmailView.swift; sourceTree = "<group>"; };
		2FD6C4DC273DCE2E00A0D7B1 /* AccountSettingsView.swift */ = {isa = PBXFileReference; lastKnownFileType = sourcecode.swift; path = AccountSettingsView.swift; sourceTree = "<group>"; };
		2FD6C4DE273DEF8700A0D7B1 /* ImageUploader.swift */ = {isa = PBXFileReference; lastKnownFileType = sourcecode.swift; path = ImageUploader.swift; sourceTree = "<group>"; };
		2FD6C4E0273DF2A400A0D7B1 /* SceneDelegate.swift */ = {isa = PBXFileReference; lastKnownFileType = sourcecode.swift; path = SceneDelegate.swift; sourceTree = "<group>"; };
		2FD6C4E3273DFDF100A0D7B1 /* VaccCardUploadView.swift */ = {isa = PBXFileReference; lastKnownFileType = sourcecode.swift; path = VaccCardUploadView.swift; sourceTree = "<group>"; };
		2FE77EC4271E4CDA0060B2A8 /* AddBoosterShotView.swift */ = {isa = PBXFileReference; lastKnownFileType = sourcecode.swift; path = AddBoosterShotView.swift; sourceTree = "<group>"; };
		2FE7C2CA2747521F00A8F32A /* ScannerHalfModalView.swift */ = {isa = PBXFileReference; lastKnownFileType = sourcecode.swift; path = ScannerHalfModalView.swift; sourceTree = "<group>"; };
		2FF650A52728C04100C697E4 /* BoosterVaccView.swift */ = {isa = PBXFileReference; lastKnownFileType = sourcecode.swift; path = BoosterVaccView.swift; sourceTree = "<group>"; };
		2FF650A72728C35B00C697E4 /* FirstDoseVaccView.swift */ = {isa = PBXFileReference; lastKnownFileType = sourcecode.swift; path = FirstDoseVaccView.swift; sourceTree = "<group>"; };
		2FF650A92728C4EB00C697E4 /* SecondDoseVaccView.swift */ = {isa = PBXFileReference; lastKnownFileType = sourcecode.swift; path = SecondDoseVaccView.swift; sourceTree = "<group>"; };
		2FF650AC2728C6A500C697E4 /* SingleDoseVaccView.swift */ = {isa = PBXFileReference; lastKnownFileType = sourcecode.swift; path = SingleDoseVaccView.swift; sourceTree = "<group>"; };
		2FF650AE2728C8DC00C697E4 /* SingleDoseViewModel.swift */ = {isa = PBXFileReference; lastKnownFileType = sourcecode.swift; path = SingleDoseViewModel.swift; sourceTree = "<group>"; };
		2FF6BF0A263CA02D00349F00 /* FirstDoseVaccViewModel.swift */ = {isa = PBXFileReference; lastKnownFileType = sourcecode.swift; path = FirstDoseVaccViewModel.swift; sourceTree = "<group>"; };
		2FFA964A2725E63A001254AF /* VaccPassView.swift */ = {isa = PBXFileReference; lastKnownFileType = sourcecode.swift; path = VaccPassView.swift; sourceTree = "<group>"; };
		2FFB3FCA273C90C30005431F /* QrScanViewModel.swift */ = {isa = PBXFileReference; lastKnownFileType = sourcecode.swift; path = QrScanViewModel.swift; sourceTree = "<group>"; };
		2FFB3FCE273C9D570005431F /* CameraPreview.swift */ = {isa = PBXFileReference; lastKnownFileType = sourcecode.swift; path = CameraPreview.swift; sourceTree = "<group>"; };
		7F4F1166A0C45BBE1D33A6E4 /* Pods_CoviTrace.framework */ = {isa = PBXFileReference; explicitFileType = wrapper.framework; includeInIndex = 0; path = Pods_CoviTrace.framework; sourceTree = BUILT_PRODUCTS_DIR; };
		BA987EADCC41908FCE51E52C /* Pods-CoviTrace.debug.xcconfig */ = {isa = PBXFileReference; includeInIndex = 1; lastKnownFileType = text.xcconfig; name = "Pods-CoviTrace.debug.xcconfig"; path = "Target Support Files/Pods-CoviTrace/Pods-CoviTrace.debug.xcconfig"; sourceTree = "<group>"; };
/* End PBXFileReference section */

/* Begin PBXFrameworksBuildPhase section */
		2F0F2A6325B5BD4A00103879 /* Frameworks */ = {
			isa = PBXFrameworksBuildPhase;
			buildActionMask = 2147483647;
			files = (
				2F5FB50B274869C3006A7F46 /* Pods_CoviTrace.framework in Frameworks */,
				2F491F7D2786338000B8A29C /* CountryPicker in Frameworks */,
				2F0FBA90276BD0CB008FCF7A /* CarBode in Frameworks */,
			);
			runOnlyForDeploymentPostprocessing = 0;
		};
/* End PBXFrameworksBuildPhase section */

/* Begin PBXGroup section */
		2F0F2A5D25B5BD4A00103879 = {
			isa = PBXGroup;
			children = (
				2F0F2A6825B5BD4A00103879 /* CoviTrace */,
				2F0F2A6725B5BD4A00103879 /* Products */,
				CA48453B7A00799138DA0E39 /* Pods */,
				581A119D9820B52D116D5DFE /* Frameworks */,
			);
			sourceTree = "<group>";
		};
		2F0F2A6725B5BD4A00103879 /* Products */ = {
			isa = PBXGroup;
			children = (
				2F0F2A6625B5BD4A00103879 /* CoviTrace.app */,
			);
			name = Products;
			sourceTree = "<group>";
		};
		2F0F2A6825B5BD4A00103879 /* CoviTrace */ = {
			isa = PBXGroup;
			children = (
				1859883A275AA22B0061D47A /* CoviTraceDebug.entitlements */,
				2F80848C25D763FA000A50B6 /* CoviTrace.entitlements */,
				2F84D221273DA1E2007C2EF0 /* Delegates */,
				2F6150E825D1A424003AAB52 /* Utils */,
				2F167D6625E3D5A500304F9F /* Models */,
				2FD2951825BF3A4D005E6000 /* Helpers */,
				2F682BCB25DEEE9100873C15 /* ViewModel */,
				2F0F2A6925B5BD4A00103879 /* CoviTraceApp.swift */,
				2F0F2A6D25B5BD4A00103879 /* Assets.xcassets */,
				2FD2951925BF3A93005E6000 /* Views */,
				2F0F2A7225B5BD4A00103879 /* Persistence.swift */,
				2F0F2A7725B5BD4A00103879 /* Info.plist */,
				18598834275937670061D47A /* GoogleService-Info.plist */,
				2F0F2A7425B5BD4A00103879 /* CoviTrace.xcdatamodeld */,
				2F0F2A6F25B5BD4A00103879 /* Preview Content */,
			);
			path = CoviTrace;
			sourceTree = "<group>";
		};
		2F0F2A6F25B5BD4A00103879 /* Preview Content */ = {
			isa = PBXGroup;
			children = (
				2F0F2A7025B5BD4A00103879 /* Preview Assets.xcassets */,
			);
			path = "Preview Content";
			sourceTree = "<group>";
		};
		2F123F6A2654313F00BA3D53 /* About */ = {
			isa = PBXGroup;
			children = (
				2F4F573C2655241600EFB454 /* AboutView.swift */,
				2F4F5742265524FA00EFB454 /* FaqsView.swift */,
			);
			path = About;
			sourceTree = "<group>";
		};
		2F167D6625E3D5A500304F9F /* Models */ = {
			isa = PBXGroup;
			children = (
				2F31980925B5CC9700AB182C /* Model.swift */,
				2F3D8B23263B2CA7005D91D6 /* User.swift */,
			);
			path = Models;
			sourceTree = "<group>";
		};
		2F3452ED26FA427300A7D3F8 /* Test Results */ = {
			isa = PBXGroup;
			children = (
				2F4E5E8F25ED92CE000B965D /* AddResultsView.swift */,
				2F2B361825FA676E004140D4 /* TestResultView.swift */,
				2F2500D6272352BC00794187 /* ShowTestCertView.swift */,
			);
			path = "Test Results";
			sourceTree = "<group>";
		};
		2F3680BA26F0E5430002F8A0 /* Vaccine */ = {
			isa = PBXGroup;
			children = (
				2F2C84A825FA9C290002F2C3 /* DigitalCertView.swift */,
				2FFA964A2725E63A001254AF /* VaccPassView.swift */,
				2F81DCFB26726E7900897201 /* VaccCardView.swift */,
				2F495B15276192FE006EF22E /* VaccinationCardView.swift */,
				2FF650AB2728C66E00C697E4 /* Individual Shots Views */,
				2FF650B02728CC6700C697E4 /* Add Shots Views */,
			);
			path = Vaccine;
			sourceTree = "<group>";
		};
		2F40129226738E1100AFA9E5 /* Settings */ = {
			isa = PBXGroup;
			children = (
				2F40129326738E2B00AFA9E5 /* SettingsView.swift */,
				2F4012952673A68C00AFA9E5 /* PrivacyPolicyView.swift */,
				2F4012972673B93800AFA9E5 /* TermsCondView.swift */,
				2FD6C4DC273DCE2E00A0D7B1 /* AccountSettingsView.swift */,
				2F92CBC82751C5050057DD95 /* Security */,
				2F123F6A2654313F00BA3D53 /* About */,
			);
			path = Settings;
			sourceTree = "<group>";
		};
		2F52418F263B378E0016D87D /* Profile */ = {
			isa = PBXGroup;
			children = (
				2F70A4C2276338A500928BE0 /* UserProfileView.swift */,
				2F6F10C32763F91600C686D1 /* UpdateUser */,
			);
			path = Profile;
			sourceTree = "<group>";
		};
		2F6150E825D1A424003AAB52 /* Utils */ = {
			isa = PBXGroup;
			children = (
				2F6150F025D1A471003AAB52 /* CustomTextField.swift */,
				2F80848825D75775000A50B6 /* SimpleTextField.swift */,
				2F6150F325D1A495003AAB52 /* CustomSecureTextField.swift */,
				2F1217E025D5B88B00D62B18 /* BackgroundColors.swift */,
				2F8043B52620A0F4004949B2 /* ImagePicker.swift */,
				2F0FBA91276C01DE008FCF7A /* CustomButtons.swift */,
				2FD6C4DE273DEF8700A0D7B1 /* ImageUploader.swift */,
				2F524192263B38CB0016D87D /* Constants.swift */,
				18598838275A365B0061D47A /* AsyncImage.swift */,
				2F284362278BA6D8003B9B75 /* StringExtension.swift */,
				2F284364278BA6E9003B9B75 /* Source */,
				2F2812F727667FA10048EC52 /* CustomHeaderShape.swift */,
				2F8FFE58276C70B40052A890 /* HeaderTop.swift */,
			);
			path = Utils;
			sourceTree = "<group>";
		};
		2F682BCB25DEEE9100873C15 /* ViewModel */ = {
			isa = PBXGroup;
			children = (
				2F5956E025D1B635004D1F53 /* AuthViewModel.swift */,
				2F96097E260E21A700D0090B /* ResultsViewModel.swift */,
				2FF6BF0A263CA02D00349F00 /* FirstDoseVaccViewModel.swift */,
				2F2BA389275484BD00A98A84 /* SecondDoseVaccViewModel.swift */,
				2F451F05272091FB001BB7A4 /* BoosterShotViewModel.swift */,
				2FF650AE2728C8DC00C697E4 /* SingleDoseViewModel.swift */,
				2F23F9132727606500B0F11F /* AppLockViewModel.swift */,
				2FFB3FCA273C90C30005431F /* QrScanViewModel.swift */,
			);
			path = ViewModel;
			sourceTree = "<group>";
		};
		2F6F10C32763F91600C686D1 /* UpdateUser */ = {
			isa = PBXGroup;
			children = (
				2F0617B62762B62D00A4D687 /* UpdateProfileImageView.swift */,
				2F6F10C8276407EF00C686D1 /* UpdateIdNumView.swift */,
				2FC83DEA27862ABE00D2200B /* UpdateEmailView.swift */,
				2F6F10CA2764094F00C686D1 /* UpdateDobView.swift */,
			);
			path = UpdateUser;
			sourceTree = "<group>";
		};
		2F84D221273DA1E2007C2EF0 /* Delegates */ = {
			isa = PBXGroup;
			children = (
				2F84D222273DA1F6007C2EF0 /* AppDelegate.swift */,
				2FD6C4E0273DF2A400A0D7B1 /* SceneDelegate.swift */,
			);
			path = Delegates;
			sourceTree = "<group>";
		};
		2F92CBC82751C5050057DD95 /* Security */ = {
			isa = PBXGroup;
			children = (
				2F23F91127275B9D00B0F11F /* FaceIdLoginView.swift */,
			);
			path = Security;
			sourceTree = "<group>";
		};
		2FB847B827237B0B003C63F0 /* QR Scanner */ = {
			isa = PBXGroup;
			children = (
				2F06A7512725197800B90464 /* ModalScannerView.swift */,
				2FFB3FCE273C9D570005431F /* CameraPreview.swift */,
			);
			path = "QR Scanner";
			sourceTree = "<group>";
		};
		2FD2951825BF3A4D005E6000 /* Helpers */ = {
			isa = PBXGroup;
			children = (
				2F682B9725DEC14F00873C15 /* LocationFetch.swift */,
				2F682B9E25DEDA1F00873C15 /* LocationManager.swift */,
				2F75F4AE26FCECCB008BB653 /* KeyboardHeightHelper.swift */,
				2FE7C2CA2747521F00A8F32A /* ScannerHalfModalView.swift */,
				2F5FB5092748668E006A7F46 /* FormUploadHalfModalView.swift */,
				2FC83DE62786266B00D2200B /* CountryPickerView.swift */,
				2FC83DE8278626D300D2200B /* PhoneOTPView.swift */,
			);
			path = Helpers;
			sourceTree = "<group>";
		};
		2FD2951925BF3A93005E6000 /* Views */ = {
			isa = PBXGroup;
			children = (
				2F6150F925D1A4FA003AAB52 /* LandingView.swift */,
				2F6150F625D1A4D5003AAB52 /* SignUpView.swift */,
				2F3307EA25D1AAC1009CD715 /* LoginView.swift */,
				2F0F2A6B25B5BD4A00103879 /* ContentView.swift */,
				2F96A34F2732AB8D00719DF7 /* MainView.swift */,
				2FDA20D92749AD2900B40EDE /* Check-in */,
				2F3452ED26FA427300A7D3F8 /* Test Results */,
				2F3680BA26F0E5430002F8A0 /* Vaccine */,
				2FD6C4E2273DFDCB00A0D7B1 /* Uploads */,
				2FB847B827237B0B003C63F0 /* QR Scanner */,
				2F40129226738E1100AFA9E5 /* Settings */,
				2F52418F263B378E0016D87D /* Profile */,
			);
			path = Views;
			sourceTree = "<group>";
		};
		2FD6C4E2273DFDCB00A0D7B1 /* Uploads */ = {
			isa = PBXGroup;
			children = (
				2F3680BB26F0E5710002F8A0 /* UploadInformationView.swift */,
				2FD6C4E3273DFDF100A0D7B1 /* VaccCardUploadView.swift */,
				2F7FC1652741F4DD00C3D9B7 /* DigitalCertUploadView.swift */,
				2F2812F92766CA9F0048EC52 /* VerificationDocView.swift */,
			);
			path = Uploads;
			sourceTree = "<group>";
		};
		2FDA20D92749AD2900B40EDE /* Check-in */ = {
			isa = PBXGroup;
			children = (
				2F80848125D6E847000A50B6 /* CheckInView.swift */,
			);
			path = "Check-in";
			sourceTree = "<group>";
		};
		2FF650AB2728C66E00C697E4 /* Individual Shots Views */ = {
			isa = PBXGroup;
			children = (
				2FF650A72728C35B00C697E4 /* FirstDoseVaccView.swift */,
				2FF650A92728C4EB00C697E4 /* SecondDoseVaccView.swift */,
				2FF650AC2728C6A500C697E4 /* SingleDoseVaccView.swift */,
				2FF650A52728C04100C697E4 /* BoosterVaccView.swift */,
			);
			path = "Individual Shots Views";
			sourceTree = "<group>";
		};
		2FF650B02728CC6700C697E4 /* Add Shots Views */ = {
			isa = PBXGroup;
			children = (
				2F3680BF26F0FCC90002F8A0 /* AddFirstDoseView.swift */,
				2F3680C126F0FE840002F8A0 /* AddSecondDoseView.swift */,
				2F3680BD26F0EE320002F8A0 /* AddSingleDoseView.swift */,
				2FE77EC4271E4CDA0060B2A8 /* AddBoosterShotView.swift */,
			);
			path = "Add Shots Views";
			sourceTree = "<group>";
		};
		581A119D9820B52D116D5DFE /* Frameworks */ = {
			isa = PBXGroup;
			children = (
				7F4F1166A0C45BBE1D33A6E4 /* Pods_CoviTrace.framework */,
			);
			name = Frameworks;
			sourceTree = "<group>";
		};
		CA48453B7A00799138DA0E39 /* Pods */ = {
			isa = PBXGroup;
			children = (
				BA987EADCC41908FCE51E52C /* Pods-CoviTrace.debug.xcconfig */,
				07CC48844BD0586FAFC80611 /* Pods-CoviTrace.release.xcconfig */,
			);
			path = Pods;
			sourceTree = "<group>";
		};
/* End PBXGroup section */

/* Begin PBXNativeTarget section */
		2F0F2A6525B5BD4A00103879 /* CoviTrace */ = {
			isa = PBXNativeTarget;
			buildConfigurationList = 2F0F2A7A25B5BD4A00103879 /* Build configuration list for PBXNativeTarget "CoviTrace" */;
			buildPhases = (
				0184ABA71685062596996660 /* [CP] Check Pods Manifest.lock */,
				2F0F2A6225B5BD4A00103879 /* Sources */,
				2F0F2A6325B5BD4A00103879 /* Frameworks */,
				2F0F2A6425B5BD4A00103879 /* Resources */,
				94ABC2D1B1AFA105B1FC9505 /* [CP] Embed Pods Frameworks */,
			);
			buildRules = (
			);
			dependencies = (
			);
			name = CoviTrace;
			packageProductDependencies = (
				2F0FBA8F276BD0CB008FCF7A /* CarBode */,
				2F491F7C2786338000B8A29C /* CountryPicker */,
			);
			productName = CoviTrace;
			productReference = 2F0F2A6625B5BD4A00103879 /* CoviTrace.app */;
			productType = "com.apple.product-type.application";
		};
/* End PBXNativeTarget section */

/* Begin PBXProject section */
		2F0F2A5E25B5BD4A00103879 /* Project object */ = {
			isa = PBXProject;
			attributes = {
				LastSwiftUpdateCheck = 1230;
				LastUpgradeCheck = 1230;
				TargetAttributes = {
					2F0F2A6525B5BD4A00103879 = {
						CreatedOnToolsVersion = 12.3;
					};
				};
			};
			buildConfigurationList = 2F0F2A6125B5BD4A00103879 /* Build configuration list for PBXProject "CoviTrace" */;
			compatibilityVersion = "Xcode 9.3";
			developmentRegion = en;
			hasScannedForEncodings = 0;
			knownRegions = (
				en,
				Base,
			);
			mainGroup = 2F0F2A5D25B5BD4A00103879;
			packageReferences = (
				2F59570725D1C0A6004D1F53 /* XCRemoteSwiftPackageReference "firebase-ios-sdk" */,
				2F0FBA8E276BD0CB008FCF7A /* XCRemoteSwiftPackageReference "CarBode-Barcode-Scanner-For-SwiftUI" */,
				2F491F7B2786337F00B8A29C /* XCRemoteSwiftPackageReference "CountryPicker" */,
			);
			productRefGroup = 2F0F2A6725B5BD4A00103879 /* Products */;
			projectDirPath = "";
			projectRoot = "";
			targets = (
				2F0F2A6525B5BD4A00103879 /* CoviTrace */,
			);
		};
/* End PBXProject section */

/* Begin PBXResourcesBuildPhase section */
		2F0F2A6425B5BD4A00103879 /* Resources */ = {
			isa = PBXResourcesBuildPhase;
			buildActionMask = 2147483647;
			files = (
				2F0F2A7125B5BD4A00103879 /* Preview Assets.xcassets in Resources */,
				18598835275937670061D47A /* GoogleService-Info.plist in Resources */,
				2F0F2A6E25B5BD4A00103879 /* Assets.xcassets in Resources */,
				2F284365278BA6E9003B9B75 /* Source in Resources */,
			);
			runOnlyForDeploymentPostprocessing = 0;
		};
/* End PBXResourcesBuildPhase section */

/* Begin PBXShellScriptBuildPhase section */
		0184ABA71685062596996660 /* [CP] Check Pods Manifest.lock */ = {
			isa = PBXShellScriptBuildPhase;
			buildActionMask = 2147483647;
			files = (
			);
			inputFileListPaths = (
			);
			inputPaths = (
				"${PODS_PODFILE_DIR_PATH}/Podfile.lock",
				"${PODS_ROOT}/Manifest.lock",
			);
			name = "[CP] Check Pods Manifest.lock";
			outputFileListPaths = (
			);
			outputPaths = (
				"$(DERIVED_FILE_DIR)/Pods-CoviTrace-checkManifestLockResult.txt",
			);
			runOnlyForDeploymentPostprocessing = 0;
			shellPath = /bin/sh;
			shellScript = "diff \"${PODS_PODFILE_DIR_PATH}/Podfile.lock\" \"${PODS_ROOT}/Manifest.lock\" > /dev/null\nif [ $? != 0 ] ; then\n    # print error to STDERR\n    echo \"error: The sandbox is not in sync with the Podfile.lock. Run 'pod install' or update your CocoaPods installation.\" >&2\n    exit 1\nfi\n# This output is used by Xcode 'outputs' to avoid re-running this script phase.\necho \"SUCCESS\" > \"${SCRIPT_OUTPUT_FILE_0}\"\n";
			showEnvVarsInLog = 0;
		};
		94ABC2D1B1AFA105B1FC9505 /* [CP] Embed Pods Frameworks */ = {
			isa = PBXShellScriptBuildPhase;
			buildActionMask = 2147483647;
			files = (
			);
			inputFileListPaths = (
				"${PODS_ROOT}/Target Support Files/Pods-CoviTrace/Pods-CoviTrace-frameworks-${CONFIGURATION}-input-files.xcfilelist",
			);
			name = "[CP] Embed Pods Frameworks";
			outputFileListPaths = (
				"${PODS_ROOT}/Target Support Files/Pods-CoviTrace/Pods-CoviTrace-frameworks-${CONFIGURATION}-output-files.xcfilelist",
			);
			runOnlyForDeploymentPostprocessing = 0;
			shellPath = /bin/sh;
			shellScript = "\"${PODS_ROOT}/Target Support Files/Pods-CoviTrace/Pods-CoviTrace-frameworks.sh\"\n";
			showEnvVarsInLog = 0;
		};
/* End PBXShellScriptBuildPhase section */

/* Begin PBXSourcesBuildPhase section */
		2F0F2A6225B5BD4A00103879 /* Sources */ = {
			isa = PBXSourcesBuildPhase;
			buildActionMask = 2147483647;
			files = (
				2F0F2A7325B5BD4A00103879 /* Persistence.swift in Sources */,
				2FE7C2CB2747521F00A8F32A /* ScannerHalfModalView.swift in Sources */,
				2FD6C4DF273DEF8700A0D7B1 /* ImageUploader.swift in Sources */,
				2F96097F260E21A700D0090B /* ResultsViewModel.swift in Sources */,
				2FFB3FCB273C90C30005431F /* QrScanViewModel.swift in Sources */,
				2FF6BF0B263CA02D00349F00 /* FirstDoseVaccViewModel.swift in Sources */,
				2F3680C026F0FCC90002F8A0 /* AddFirstDoseView.swift in Sources */,
				2FD6C4DD273DCE2E00A0D7B1 /* AccountSettingsView.swift in Sources */,
				2FC83DE9278626D300D2200B /* PhoneOTPView.swift in Sources */,
				2F4012962673A68C00AFA9E5 /* PrivacyPolicyView.swift in Sources */,
				2F6150F125D1A471003AAB52 /* CustomTextField.swift in Sources */,
				2F6150FA25D1A4FA003AAB52 /* LandingView.swift in Sources */,
				2F0F2A6C25B5BD4A00103879 /* ContentView.swift in Sources */,
				2F3680BE26F0EE320002F8A0 /* AddSingleDoseView.swift in Sources */,
				2F4F573D2655241600EFB454 /* AboutView.swift in Sources */,
				2FFA964B2725E63A001254AF /* VaccPassView.swift in Sources */,
				2F495B16276192FE006EF22E /* VaccinationCardView.swift in Sources */,
				2F23F91227275B9D00B0F11F /* FaceIdLoginView.swift in Sources */,
				2FC83DEB27862ABE00D2200B /* UpdateEmailView.swift in Sources */,
				2F6F10C9276407EF00C686D1 /* UpdateIdNumView.swift in Sources */,
				2F2B361925FA676E004140D4 /* TestResultView.swift in Sources */,
				2FC83DE72786266C00D2200B /* CountryPickerView.swift in Sources */,
				2F3680BC26F0E5710002F8A0 /* UploadInformationView.swift in Sources */,
				2F0F2A7625B5BD4A00103879 /* CoviTrace.xcdatamodeld in Sources */,
				2F0FBA92276C01DE008FCF7A /* CustomButtons.swift in Sources */,
				2F682B9825DEC14F00873C15 /* LocationFetch.swift in Sources */,
				2F2C84A925FA9C290002F2C3 /* DigitalCertView.swift in Sources */,
				2F5FB50A2748668E006A7F46 /* FormUploadHalfModalView.swift in Sources */,
				2FD6C4E1273DF2A400A0D7B1 /* SceneDelegate.swift in Sources */,
				2FF650AF2728C8DC00C697E4 /* SingleDoseViewModel.swift in Sources */,
				2F84D223273DA1F6007C2EF0 /* AppDelegate.swift in Sources */,
				2F284363278BA6D8003B9B75 /* StringExtension.swift in Sources */,
				2F80848925D75775000A50B6 /* SimpleTextField.swift in Sources */,
				2F8043B62620A0F4004949B2 /* ImagePicker.swift in Sources */,
				2F6150F425D1A495003AAB52 /* CustomSecureTextField.swift in Sources */,
				2F451F06272091FB001BB7A4 /* BoosterShotViewModel.swift in Sources */,
				2F8FFE59276C70B40052A890 /* HeaderTop.swift in Sources */,
				2FE77EC5271E4CDA0060B2A8 /* AddBoosterShotView.swift in Sources */,
				2F3D8B24263B2CA7005D91D6 /* User.swift in Sources */,
				2F31980A25B5CC9700AB182C /* Model.swift in Sources */,
				2F4E5E9025ED92CE000B965D /* AddResultsView.swift in Sources */,
				2F70A4C3276338A500928BE0 /* UserProfileView.swift in Sources */,
				2FFB3FCF273C9D570005431F /* CameraPreview.swift in Sources */,
				2F2812FA2766CA9F0048EC52 /* VerificationDocView.swift in Sources */,
				2F6F10CB2764094F00C686D1 /* UpdateDobView.swift in Sources */,
				2F524193263B38CB0016D87D /* Constants.swift in Sources */,
				2F7FC1662741F4DD00C3D9B7 /* DigitalCertUploadView.swift in Sources */,
				18598839275A365B0061D47A /* AsyncImage.swift in Sources */,
				2F2812F827667FA10048EC52 /* CustomHeaderShape.swift in Sources */,
				2F1217E125D5B88B00D62B18 /* BackgroundColors.swift in Sources */,
				2FF650AD2728C6A500C697E4 /* SingleDoseVaccView.swift in Sources */,
				2FF650A62728C04100C697E4 /* BoosterVaccView.swift in Sources */,
				2FF650A82728C35B00C697E4 /* FirstDoseVaccView.swift in Sources */,
				2FD6C4E4273DFDF200A0D7B1 /* VaccCardUploadView.swift in Sources */,
				2F4F5743265524FA00EFB454 /* FaqsView.swift in Sources */,
				2F5956E125D1B635004D1F53 /* AuthViewModel.swift in Sources */,
				2F2BA38A275484BD00A98A84 /* SecondDoseVaccViewModel.swift in Sources */,
				2F96A3502732AB8D00719DF7 /* MainView.swift in Sources */,
				2F75F4AF26FCECCB008BB653 /* KeyboardHeightHelper.swift in Sources */,
				2F81DCFC26726E7900897201 /* VaccCardView.swift in Sources */,
				2FF650AA2728C4EB00C697E4 /* SecondDoseVaccView.swift in Sources */,
				2F23F9142727606500B0F11F /* AppLockViewModel.swift in Sources */,
				2F6150F725D1A4D5003AAB52 /* SignUpView.swift in Sources */,
				2F2500D7272352BC00794187 /* ShowTestCertView.swift in Sources */,
				2F3307EB25D1AAC1009CD715 /* LoginView.swift in Sources */,
				2F40129426738E2B00AFA9E5 /* SettingsView.swift in Sources */,
				2F0F2A6A25B5BD4A00103879 /* CoviTraceApp.swift in Sources */,
				2F682B9F25DEDA1F00873C15 /* LocationManager.swift in Sources */,
				2F0617B72762B62D00A4D687 /* UpdateProfileImageView.swift in Sources */,
				2F3680C226F0FE840002F8A0 /* AddSecondDoseView.swift in Sources */,
				2F80848225D6E847000A50B6 /* CheckInView.swift in Sources */,
				2F4012982673B93800AFA9E5 /* TermsCondView.swift in Sources */,
				2F06A7522725197800B90464 /* ModalScannerView.swift in Sources */,
			);
			runOnlyForDeploymentPostprocessing = 0;
		};
/* End PBXSourcesBuildPhase section */

/* Begin XCBuildConfiguration section */
		2F0F2A7825B5BD4A00103879 /* Debug */ = {
			isa = XCBuildConfiguration;
			buildSettings = {
				ALWAYS_SEARCH_USER_PATHS = NO;
				CLANG_ANALYZER_NONNULL = YES;
				CLANG_ANALYZER_NUMBER_OBJECT_CONVERSION = YES_AGGRESSIVE;
				CLANG_CXX_LANGUAGE_STANDARD = "gnu++14";
				CLANG_CXX_LIBRARY = "libc++";
				CLANG_ENABLE_MODULES = YES;
				CLANG_ENABLE_OBJC_ARC = YES;
				CLANG_ENABLE_OBJC_WEAK = YES;
				CLANG_WARN_BLOCK_CAPTURE_AUTORELEASING = YES;
				CLANG_WARN_BOOL_CONVERSION = YES;
				CLANG_WARN_COMMA = YES;
				CLANG_WARN_CONSTANT_CONVERSION = YES;
				CLANG_WARN_DEPRECATED_OBJC_IMPLEMENTATIONS = YES;
				CLANG_WARN_DIRECT_OBJC_ISA_USAGE = YES_ERROR;
				CLANG_WARN_DOCUMENTATION_COMMENTS = YES;
				CLANG_WARN_EMPTY_BODY = YES;
				CLANG_WARN_ENUM_CONVERSION = YES;
				CLANG_WARN_INFINITE_RECURSION = YES;
				CLANG_WARN_INT_CONVERSION = YES;
				CLANG_WARN_NON_LITERAL_NULL_CONVERSION = YES;
				CLANG_WARN_OBJC_IMPLICIT_RETAIN_SELF = YES;
				CLANG_WARN_OBJC_LITERAL_CONVERSION = YES;
				CLANG_WARN_OBJC_ROOT_CLASS = YES_ERROR;
				CLANG_WARN_QUOTED_INCLUDE_IN_FRAMEWORK_HEADER = YES;
				CLANG_WARN_RANGE_LOOP_ANALYSIS = YES;
				CLANG_WARN_STRICT_PROTOTYPES = YES;
				CLANG_WARN_SUSPICIOUS_MOVE = YES;
				CLANG_WARN_UNGUARDED_AVAILABILITY = YES_AGGRESSIVE;
				CLANG_WARN_UNREACHABLE_CODE = YES;
				CLANG_WARN__DUPLICATE_METHOD_MATCH = YES;
				COPY_PHASE_STRIP = NO;
				DEBUG_INFORMATION_FORMAT = dwarf;
				ENABLE_STRICT_OBJC_MSGSEND = YES;
				ENABLE_TESTABILITY = YES;
				GCC_C_LANGUAGE_STANDARD = gnu11;
				GCC_DYNAMIC_NO_PIC = NO;
				GCC_NO_COMMON_BLOCKS = YES;
				GCC_OPTIMIZATION_LEVEL = 0;
				GCC_PREPROCESSOR_DEFINITIONS = (
					"DEBUG=1",
					"$(inherited)",
				);
				GCC_WARN_64_TO_32_BIT_CONVERSION = YES;
				GCC_WARN_ABOUT_RETURN_TYPE = YES_ERROR;
				GCC_WARN_UNDECLARED_SELECTOR = YES;
				GCC_WARN_UNINITIALIZED_AUTOS = YES_AGGRESSIVE;
				GCC_WARN_UNUSED_FUNCTION = YES;
				GCC_WARN_UNUSED_VARIABLE = YES;
				IPHONEOS_DEPLOYMENT_TARGET = 14.7;
				MTL_ENABLE_DEBUG_INFO = INCLUDE_SOURCE;
				MTL_FAST_MATH = YES;
				ONLY_ACTIVE_ARCH = YES;
				SDKROOT = iphoneos;
				SWIFT_ACTIVE_COMPILATION_CONDITIONS = DEBUG;
				SWIFT_OPTIMIZATION_LEVEL = "-Onone";
			};
			name = Debug;
		};
		2F0F2A7925B5BD4A00103879 /* Release */ = {
			isa = XCBuildConfiguration;
			buildSettings = {
				ALWAYS_SEARCH_USER_PATHS = NO;
				CLANG_ANALYZER_NONNULL = YES;
				CLANG_ANALYZER_NUMBER_OBJECT_CONVERSION = YES_AGGRESSIVE;
				CLANG_CXX_LANGUAGE_STANDARD = "gnu++14";
				CLANG_CXX_LIBRARY = "libc++";
				CLANG_ENABLE_MODULES = YES;
				CLANG_ENABLE_OBJC_ARC = YES;
				CLANG_ENABLE_OBJC_WEAK = YES;
				CLANG_WARN_BLOCK_CAPTURE_AUTORELEASING = YES;
				CLANG_WARN_BOOL_CONVERSION = YES;
				CLANG_WARN_COMMA = YES;
				CLANG_WARN_CONSTANT_CONVERSION = YES;
				CLANG_WARN_DEPRECATED_OBJC_IMPLEMENTATIONS = YES;
				CLANG_WARN_DIRECT_OBJC_ISA_USAGE = YES_ERROR;
				CLANG_WARN_DOCUMENTATION_COMMENTS = YES;
				CLANG_WARN_EMPTY_BODY = YES;
				CLANG_WARN_ENUM_CONVERSION = YES;
				CLANG_WARN_INFINITE_RECURSION = YES;
				CLANG_WARN_INT_CONVERSION = YES;
				CLANG_WARN_NON_LITERAL_NULL_CONVERSION = YES;
				CLANG_WARN_OBJC_IMPLICIT_RETAIN_SELF = YES;
				CLANG_WARN_OBJC_LITERAL_CONVERSION = YES;
				CLANG_WARN_OBJC_ROOT_CLASS = YES_ERROR;
				CLANG_WARN_QUOTED_INCLUDE_IN_FRAMEWORK_HEADER = YES;
				CLANG_WARN_RANGE_LOOP_ANALYSIS = YES;
				CLANG_WARN_STRICT_PROTOTYPES = YES;
				CLANG_WARN_SUSPICIOUS_MOVE = YES;
				CLANG_WARN_UNGUARDED_AVAILABILITY = YES_AGGRESSIVE;
				CLANG_WARN_UNREACHABLE_CODE = YES;
				CLANG_WARN__DUPLICATE_METHOD_MATCH = YES;
				COPY_PHASE_STRIP = NO;
				DEBUG_INFORMATION_FORMAT = "dwarf-with-dsym";
				ENABLE_NS_ASSERTIONS = NO;
				ENABLE_STRICT_OBJC_MSGSEND = YES;
				GCC_C_LANGUAGE_STANDARD = gnu11;
				GCC_NO_COMMON_BLOCKS = YES;
				GCC_WARN_64_TO_32_BIT_CONVERSION = YES;
				GCC_WARN_ABOUT_RETURN_TYPE = YES_ERROR;
				GCC_WARN_UNDECLARED_SELECTOR = YES;
				GCC_WARN_UNINITIALIZED_AUTOS = YES_AGGRESSIVE;
				GCC_WARN_UNUSED_FUNCTION = YES;
				GCC_WARN_UNUSED_VARIABLE = YES;
				IPHONEOS_DEPLOYMENT_TARGET = 14.7;
				MTL_ENABLE_DEBUG_INFO = NO;
				MTL_FAST_MATH = YES;
				SDKROOT = iphoneos;
				SWIFT_COMPILATION_MODE = wholemodule;
				SWIFT_OPTIMIZATION_LEVEL = "-O";
				VALIDATE_PRODUCT = YES;
			};
			name = Release;
		};
		2F0F2A7B25B5BD4A00103879 /* Debug */ = {
			isa = XCBuildConfiguration;
			baseConfigurationReference = BA987EADCC41908FCE51E52C /* Pods-CoviTrace.debug.xcconfig */;
			buildSettings = {
				ASSETCATALOG_COMPILER_APPICON_NAME = AppIcon;
				ASSETCATALOG_COMPILER_GLOBAL_ACCENT_COLOR_NAME = AccentColor;
				CODE_SIGN_ENTITLEMENTS = CoviTrace/CoviTraceDebug.entitlements;
				CODE_SIGN_STYLE = Automatic;
				CURRENT_PROJECT_VERSION = 1;
				DEVELOPMENT_ASSET_PATHS = "\"CoviTrace/Preview Content\"";
				DEVELOPMENT_TEAM = QACLP69RHJ;
				ENABLE_PREVIEWS = YES;
				INFOPLIST_FILE = CoviTrace/Info.plist;
				IPHONEOS_DEPLOYMENT_TARGET = 14.5;
				LD_RUNPATH_SEARCH_PATHS = (
					"$(inherited)",
					"@executable_path/Frameworks",
				);
				MARKETING_VERSION = 1.0;
				PRODUCT_BUNDLE_IDENTIFIER = com.appelatte.CoviTrace;
				PRODUCT_NAME = "$(TARGET_NAME)";
				SWIFT_VERSION = 5.0;
				TARGETED_DEVICE_FAMILY = 1;
			};
			name = Debug;
		};
		2F0F2A7C25B5BD4A00103879 /* Release */ = {
			isa = XCBuildConfiguration;
			baseConfigurationReference = 07CC48844BD0586FAFC80611 /* Pods-CoviTrace.release.xcconfig */;
			buildSettings = {
				ASSETCATALOG_COMPILER_APPICON_NAME = AppIcon;
				ASSETCATALOG_COMPILER_GLOBAL_ACCENT_COLOR_NAME = AccentColor;
				CODE_SIGN_ENTITLEMENTS = CoviTrace/CoviTrace.entitlements;
				CODE_SIGN_STYLE = Automatic;
				CURRENT_PROJECT_VERSION = 1;
				DEVELOPMENT_ASSET_PATHS = "\"CoviTrace/Preview Content\"";
				DEVELOPMENT_TEAM = QACLP69RHJ;
				ENABLE_PREVIEWS = YES;
				INFOPLIST_FILE = CoviTrace/Info.plist;
				IPHONEOS_DEPLOYMENT_TARGET = 14.5;
				LD_RUNPATH_SEARCH_PATHS = (
					"$(inherited)",
					"@executable_path/Frameworks",
				);
				MARKETING_VERSION = 1.0;
				PRODUCT_BUNDLE_IDENTIFIER = com.appelatte.CoviTrace;
				PRODUCT_NAME = "$(TARGET_NAME)";
				SWIFT_VERSION = 5.0;
				TARGETED_DEVICE_FAMILY = 1;
			};
			name = Release;
		};
/* End XCBuildConfiguration section */

/* Begin XCConfigurationList section */
		2F0F2A6125B5BD4A00103879 /* Build configuration list for PBXProject "CoviTrace" */ = {
			isa = XCConfigurationList;
			buildConfigurations = (
				2F0F2A7825B5BD4A00103879 /* Debug */,
				2F0F2A7925B5BD4A00103879 /* Release */,
			);
			defaultConfigurationIsVisible = 0;
			defaultConfigurationName = Release;
		};
		2F0F2A7A25B5BD4A00103879 /* Build configuration list for PBXNativeTarget "CoviTrace" */ = {
			isa = XCConfigurationList;
			buildConfigurations = (
				2F0F2A7B25B5BD4A00103879 /* Debug */,
				2F0F2A7C25B5BD4A00103879 /* Release */,
			);
			defaultConfigurationIsVisible = 0;
			defaultConfigurationName = Release;
		};
/* End XCConfigurationList section */

/* Begin XCRemoteSwiftPackageReference section */
		2F0FBA8E276BD0CB008FCF7A /* XCRemoteSwiftPackageReference "CarBode-Barcode-Scanner-For-SwiftUI" */ = {
			isa = XCRemoteSwiftPackageReference;
			repositoryURL = "https://github.com/heart/CarBode-Barcode-Scanner-For-SwiftUI";
			requirement = {
				kind = upToNextMajorVersion;
				minimumVersion = 2.0.0;
			};
		};
		2F491F7B2786337F00B8A29C /* XCRemoteSwiftPackageReference "CountryPicker" */ = {
			isa = XCRemoteSwiftPackageReference;
			repositoryURL = "https://github.com/mobven/CountryPicker.git";
			requirement = {
				kind = upToNextMajorVersion;
				minimumVersion = 1.0.0;
			};
		};
		2F59570725D1C0A6004D1F53 /* XCRemoteSwiftPackageReference "firebase-ios-sdk" */ = {
			isa = XCRemoteSwiftPackageReference;
			repositoryURL = "https://github.com/firebase/firebase-ios-sdk.git";
			requirement = {
				kind = upToNextMajorVersion;
				minimumVersion = 7.5.1;
			};
		};
/* End XCRemoteSwiftPackageReference section */

/* Begin XCSwiftPackageProductDependency section */
		2F0FBA8F276BD0CB008FCF7A /* CarBode */ = {
			isa = XCSwiftPackageProductDependency;
			package = 2F0FBA8E276BD0CB008FCF7A /* XCRemoteSwiftPackageReference "CarBode-Barcode-Scanner-For-SwiftUI" */;
			productName = CarBode;
		};
		2F491F7C2786338000B8A29C /* CountryPicker */ = {
			isa = XCSwiftPackageProductDependency;
			package = 2F491F7B2786337F00B8A29C /* XCRemoteSwiftPackageReference "CountryPicker" */;
			productName = CountryPicker;
		};
/* End XCSwiftPackageProductDependency section */

/* Begin XCVersionGroup section */
		2F0F2A7425B5BD4A00103879 /* CoviTrace.xcdatamodeld */ = {
			isa = XCVersionGroup;
			children = (
				2F0F2A7525B5BD4A00103879 /* CoviTrace.xcdatamodel */,
			);
			currentVersion = 2F0F2A7525B5BD4A00103879 /* CoviTrace.xcdatamodel */;
			path = CoviTrace.xcdatamodeld;
			sourceTree = "<group>";
			versionGroupType = wrapper.xcdatamodel;
		};
/* End XCVersionGroup section */
	};
	rootObject = 2F0F2A5E25B5BD4A00103879 /* Project object */;
}
